// !$*UTF8*$!
{
	archiveVersion = 1;
	classes = {
	};
	objectVersion = 50;
	objects = {

/* Begin PBXBuildFile section */
		01E7BC0F255CD4020068B010 /* AppDelegate.swift in Sources */ = {isa = PBXBuildFile; fileRef = 01E7BC0E255CD4020068B010 /* AppDelegate.swift */; };
		01E7BC11255CD4020068B010 /* SceneDelegate.swift in Sources */ = {isa = PBXBuildFile; fileRef = 01E7BC10255CD4020068B010 /* SceneDelegate.swift */; };
		01E7BC13255CD4020068B010 /* ViewController.swift in Sources */ = {isa = PBXBuildFile; fileRef = 01E7BC12255CD4020068B010 /* ViewController.swift */; };
		01E7BC16255CD4020068B010 /* Main.storyboard in Resources */ = {isa = PBXBuildFile; fileRef = 01E7BC14255CD4020068B010 /* Main.storyboard */; };
		01E7BC18255CD4040068B010 /* Assets.xcassets in Resources */ = {isa = PBXBuildFile; fileRef = 01E7BC17255CD4040068B010 /* Assets.xcassets */; };
		01E7BC1B255CD4040068B010 /* LaunchScreen.storyboard in Resources */ = {isa = PBXBuildFile; fileRef = 01E7BC19255CD4040068B010 /* LaunchScreen.storyboard */; };
		01E7BC26255CD4050068B010 /* CellTests.swift in Sources */ = {isa = PBXBuildFile; fileRef = 01E7BC25255CD4050068B010 /* CellTests.swift */; };
		01E7BC31255CD4050068B010 /* CellUITests.swift in Sources */ = {isa = PBXBuildFile; fileRef = 01E7BC30255CD4050068B010 /* CellUITests.swift */; };
		01E7BC42255CD6F20068B010 /* BaseModel.swift in Sources */ = {isa = PBXBuildFile; fileRef = 01E7BC41255CD6F10068B010 /* BaseModel.swift */; };
		01E7BC47255CDB110068B010 /* BaseCell.swift in Sources */ = {isa = PBXBuildFile; fileRef = 01E7BC46255CDB110068B010 /* BaseCell.swift */; };
/* End PBXBuildFile section */

/* Begin PBXContainerItemProxy section */
		01E7BC22255CD4050068B010 /* PBXContainerItemProxy */ = {
			isa = PBXContainerItemProxy;
			containerPortal = 01E7BC03255CD4020068B010 /* Project object */;
			proxyType = 1;
			remoteGlobalIDString = 01E7BC0A255CD4020068B010;
			remoteInfo = Cell;
		};
		01E7BC2D255CD4050068B010 /* PBXContainerItemProxy */ = {
			isa = PBXContainerItemProxy;
			containerPortal = 01E7BC03255CD4020068B010 /* Project object */;
			proxyType = 1;
			remoteGlobalIDString = 01E7BC0A255CD4020068B010;
			remoteInfo = Cell;
		};
/* End PBXContainerItemProxy section */

/* Begin PBXFileReference section */
		01E7BC0B255CD4020068B010 /* Cell.app */ = {isa = PBXFileReference; explicitFileType = wrapper.application; includeInIndex = 0; path = Cell.app; sourceTree = BUILT_PRODUCTS_DIR; };
		01E7BC0E255CD4020068B010 /* AppDelegate.swift */ = {isa = PBXFileReference; lastKnownFileType = sourcecode.swift; path = AppDelegate.swift; sourceTree = "<group>"; };
		01E7BC10255CD4020068B010 /* SceneDelegate.swift */ = {isa = PBXFileReference; lastKnownFileType = sourcecode.swift; path = SceneDelegate.swift; sourceTree = "<group>"; };
		01E7BC12255CD4020068B010 /* ViewController.swift */ = {isa = PBXFileReference; lastKnownFileType = sourcecode.swift; path = ViewController.swift; sourceTree = "<group>"; };
		01E7BC15255CD4020068B010 /* Base */ = {isa = PBXFileReference; lastKnownFileType = file.storyboard; name = Base; path = Base.lproj/Main.storyboard; sourceTree = "<group>"; };
		01E7BC17255CD4040068B010 /* Assets.xcassets */ = {isa = PBXFileReference; lastKnownFileType = folder.assetcatalog; path = Assets.xcassets; sourceTree = "<group>"; };
		01E7BC1A255CD4040068B010 /* Base */ = {isa = PBXFileReference; lastKnownFileType = file.storyboard; name = Base; path = Base.lproj/LaunchScreen.storyboard; sourceTree = "<group>"; };
		01E7BC1C255CD4040068B010 /* Info.plist */ = {isa = PBXFileReference; lastKnownFileType = text.plist.xml; path = Info.plist; sourceTree = "<group>"; };
		01E7BC21255CD4050068B010 /* CellTests.xctest */ = {isa = PBXFileReference; explicitFileType = wrapper.cfbundle; includeInIndex = 0; path = CellTests.xctest; sourceTree = BUILT_PRODUCTS_DIR; };
		01E7BC25255CD4050068B010 /* CellTests.swift */ = {isa = PBXFileReference; lastKnownFileType = sourcecode.swift; path = CellTests.swift; sourceTree = "<group>"; };
		01E7BC27255CD4050068B010 /* Info.plist */ = {isa = PBXFileReference; lastKnownFileType = text.plist.xml; path = Info.plist; sourceTree = "<group>"; };
		01E7BC2C255CD4050068B010 /* CellUITests.xctest */ = {isa = PBXFileReference; explicitFileType = wrapper.cfbundle; includeInIndex = 0; path = CellUITests.xctest; sourceTree = BUILT_PRODUCTS_DIR; };
		01E7BC30255CD4050068B010 /* CellUITests.swift */ = {isa = PBXFileReference; lastKnownFileType = sourcecode.swift; path = CellUITests.swift; sourceTree = "<group>"; };
		01E7BC32255CD4050068B010 /* Info.plist */ = {isa = PBXFileReference; lastKnownFileType = text.plist.xml; path = Info.plist; sourceTree = "<group>"; };
		01E7BC41255CD6F10068B010 /* BaseModel.swift */ = {isa = PBXFileReference; lastKnownFileType = sourcecode.swift; path = BaseModel.swift; sourceTree = "<group>"; };
		01E7BC46255CDB110068B010 /* BaseCell.swift */ = {isa = PBXFileReference; lastKnownFileType = sourcecode.swift; path = BaseCell.swift; sourceTree = "<group>"; };
/* End PBXFileReference section */

/* Begin PBXFrameworksBuildPhase section */
		01E7BC08255CD4020068B010 /* Frameworks */ = {
			isa = PBXFrameworksBuildPhase;
			buildActionMask = 2147483647;
			files = (
			);
			runOnlyForDeploymentPostprocessing = 0;
		};
		01E7BC1E255CD4050068B010 /* Frameworks */ = {
			isa = PBXFrameworksBuildPhase;
			buildActionMask = 2147483647;
			files = (
			);
			runOnlyForDeploymentPostprocessing = 0;
		};
		01E7BC29255CD4050068B010 /* Frameworks */ = {
			isa = PBXFrameworksBuildPhase;
			buildActionMask = 2147483647;
			files = (
			);
			runOnlyForDeploymentPostprocessing = 0;
		};
/* End PBXFrameworksBuildPhase section */

/* Begin PBXGroup section */
		01E7BC02255CD4020068B010 = {
			isa = PBXGroup;
			children = (
				01E7BC0D255CD4020068B010 /* Cell */,
				01E7BC24255CD4050068B010 /* CellTests */,
				01E7BC2F255CD4050068B010 /* CellUITests */,
				01E7BC0C255CD4020068B010 /* Products */,
			);
			sourceTree = "<group>";
		};
		01E7BC0C255CD4020068B010 /* Products */ = {
			isa = PBXGroup;
			children = (
				01E7BC0B255CD4020068B010 /* Cell.app */,
				01E7BC21255CD4050068B010 /* CellTests.xctest */,
				01E7BC2C255CD4050068B010 /* CellUITests.xctest */,
			);
			name = Products;
			sourceTree = "<group>";
		};
		01E7BC0D255CD4020068B010 /* Cell */ = {
			isa = PBXGroup;
			children = (
				01E7BC0E255CD4020068B010 /* AppDelegate.swift */,
				01E7BC10255CD4020068B010 /* SceneDelegate.swift */,
				01E7BC12255CD4020068B010 /* ViewController.swift */,
				01E7BC41255CD6F10068B010 /* BaseModel.swift */,
				01E7BC46255CDB110068B010 /* BaseCell.swift */,
				01E7BC14255CD4020068B010 /* Main.storyboard */,
				01E7BC17255CD4040068B010 /* Assets.xcassets */,
				01E7BC19255CD4040068B010 /* LaunchScreen.storyboard */,
				01E7BC1C255CD4040068B010 /* Info.plist */,
			);
			path = Cell;
			sourceTree = "<group>";
		};
		01E7BC24255CD4050068B010 /* CellTests */ = {
			isa = PBXGroup;
			children = (
				01E7BC25255CD4050068B010 /* CellTests.swift */,
				01E7BC27255CD4050068B010 /* Info.plist */,
			);
			path = CellTests;
			sourceTree = "<group>";
		};
		01E7BC2F255CD4050068B010 /* CellUITests */ = {
			isa = PBXGroup;
			children = (
				01E7BC30255CD4050068B010 /* CellUITests.swift */,
				01E7BC32255CD4050068B010 /* Info.plist */,
			);
			path = CellUITests;
			sourceTree = "<group>";
		};
/* End PBXGroup section */

/* Begin PBXNativeTarget section */
		01E7BC0A255CD4020068B010 /* Cell */ = {
			isa = PBXNativeTarget;
			buildConfigurationList = 01E7BC35255CD4050068B010 /* Build configuration list for PBXNativeTarget "Cell" */;
			buildPhases = (
				01E7BC07255CD4020068B010 /* Sources */,
				01E7BC08255CD4020068B010 /* Frameworks */,
				01E7BC09255CD4020068B010 /* Resources */,
			);
			buildRules = (
			);
			dependencies = (
			);
			name = Cell;
			productName = Cell;
			productReference = 01E7BC0B255CD4020068B010 /* Cell.app */;
			productType = "com.apple.product-type.application";
		};
		01E7BC20255CD4050068B010 /* CellTests */ = {
			isa = PBXNativeTarget;
			buildConfigurationList = 01E7BC38255CD4050068B010 /* Build configuration list for PBXNativeTarget "CellTests" */;
			buildPhases = (
				01E7BC1D255CD4050068B010 /* Sources */,
				01E7BC1E255CD4050068B010 /* Frameworks */,
				01E7BC1F255CD4050068B010 /* Resources */,
			);
			buildRules = (
			);
			dependencies = (
				01E7BC23255CD4050068B010 /* PBXTargetDependency */,
			);
			name = CellTests;
			productName = CellTests;
			productReference = 01E7BC21255CD4050068B010 /* CellTests.xctest */;
			productType = "com.apple.product-type.bundle.unit-test";
		};
		01E7BC2B255CD4050068B010 /* CellUITests */ = {
			isa = PBXNativeTarget;
			buildConfigurationList = 01E7BC3B255CD4050068B010 /* Build configuration list for PBXNativeTarget "CellUITests" */;
			buildPhases = (
				01E7BC28255CD4050068B010 /* Sources */,
				01E7BC29255CD4050068B010 /* Frameworks */,
				01E7BC2A255CD4050068B010 /* Resources */,
			);
			buildRules = (
			);
			dependencies = (
				01E7BC2E255CD4050068B010 /* PBXTargetDependency */,
			);
			name = CellUITests;
			productName = CellUITests;
			productReference = 01E7BC2C255CD4050068B010 /* CellUITests.xctest */;
			productType = "com.apple.product-type.bundle.ui-testing";
		};
/* End PBXNativeTarget section */

/* Begin PBXProject section */
		01E7BC03255CD4020068B010 /* Project object */ = {
			isa = PBXProject;
			attributes = {
				LastSwiftUpdateCheck = 1210;
				LastUpgradeCheck = 1210;
				TargetAttributes = {
					01E7BC0A255CD4020068B010 = {
						CreatedOnToolsVersion = 12.1.1;
					};
					01E7BC20255CD4050068B010 = {
						CreatedOnToolsVersion = 12.1.1;
						TestTargetID = 01E7BC0A255CD4020068B010;
					};
					01E7BC2B255CD4050068B010 = {
						CreatedOnToolsVersion = 12.1.1;
						TestTargetID = 01E7BC0A255CD4020068B010;
					};
				};
			};
			buildConfigurationList = 01E7BC06255CD4020068B010 /* Build configuration list for PBXProject "Cell" */;
			compatibilityVersion = "Xcode 9.3";
			developmentRegion = en;
			hasScannedForEncodings = 0;
			knownRegions = (
				en,
				Base,
			);
			mainGroup = 01E7BC02255CD4020068B010;
			productRefGroup = 01E7BC0C255CD4020068B010 /* Products */;
			projectDirPath = "";
			projectRoot = "";
			targets = (
				01E7BC0A255CD4020068B010 /* Cell */,
				01E7BC20255CD4050068B010 /* CellTests */,
				01E7BC2B255CD4050068B010 /* CellUITests */,
			);
		};
/* End PBXProject section */

/* Begin PBXResourcesBuildPhase section */
		01E7BC09255CD4020068B010 /* Resources */ = {
			isa = PBXResourcesBuildPhase;
			buildActionMask = 2147483647;
			files = (
				01E7BC1B255CD4040068B010 /* LaunchScreen.storyboard in Resources */,
				01E7BC18255CD4040068B010 /* Assets.xcassets in Resources */,
				01E7BC16255CD4020068B010 /* Main.storyboard in Resources */,
			);
			runOnlyForDeploymentPostprocessing = 0;
		};
		01E7BC1F255CD4050068B010 /* Resources */ = {
			isa = PBXResourcesBuildPhase;
			buildActionMask = 2147483647;
			files = (
			);
			runOnlyForDeploymentPostprocessing = 0;
		};
		01E7BC2A255CD4050068B010 /* Resources */ = {
			isa = PBXResourcesBuildPhase;
			buildActionMask = 2147483647;
			files = (
			);
			runOnlyForDeploymentPostprocessing = 0;
		};
/* End PBXResourcesBuildPhase section */

/* Begin PBXSourcesBuildPhase section */
		01E7BC07255CD4020068B010 /* Sources */ = {
			isa = PBXSourcesBuildPhase;
			buildActionMask = 2147483647;
			files = (
				01E7BC13255CD4020068B010 /* ViewController.swift in Sources */,
				01E7BC0F255CD4020068B010 /* AppDelegate.swift in Sources */,
				01E7BC42255CD6F20068B010 /* BaseModel.swift in Sources */,
				01E7BC47255CDB110068B010 /* BaseCell.swift in Sources */,
				01E7BC11255CD4020068B010 /* SceneDelegate.swift in Sources */,
			);
			runOnlyForDeploymentPostprocessing = 0;
		};
		01E7BC1D255CD4050068B010 /* Sources */ = {
			isa = PBXSourcesBuildPhase;
			buildActionMask = 2147483647;
			files = (
				01E7BC26255CD4050068B010 /* CellTests.swift in Sources */,
			);
			runOnlyForDeploymentPostprocessing = 0;
		};
		01E7BC28255CD4050068B010 /* Sources */ = {
			isa = PBXSourcesBuildPhase;
			buildActionMask = 2147483647;
			files = (
				01E7BC31255CD4050068B010 /* CellUITests.swift in Sources */,
			);
			runOnlyForDeploymentPostprocessing = 0;
		};
/* End PBXSourcesBuildPhase section */

/* Begin PBXTargetDependency section */
		01E7BC23255CD4050068B010 /* PBXTargetDependency */ = {
			isa = PBXTargetDependency;
			target = 01E7BC0A255CD4020068B010 /* Cell */;
			targetProxy = 01E7BC22255CD4050068B010 /* PBXContainerItemProxy */;
		};
		01E7BC2E255CD4050068B010 /* PBXTargetDependency */ = {
			isa = PBXTargetDependency;
			target = 01E7BC0A255CD4020068B010 /* Cell */;
			targetProxy = 01E7BC2D255CD4050068B010 /* PBXContainerItemProxy */;
		};
/* End PBXTargetDependency section */

/* Begin PBXVariantGroup section */
		01E7BC14255CD4020068B010 /* Main.storyboard */ = {
			isa = PBXVariantGroup;
			children = (
				01E7BC15255CD4020068B010 /* Base */,
			);
			name = Main.storyboard;
			sourceTree = "<group>";
		};
		01E7BC19255CD4040068B010 /* LaunchScreen.storyboard */ = {
			isa = PBXVariantGroup;
			children = (
				01E7BC1A255CD4040068B010 /* Base */,
			);
			name = LaunchScreen.storyboard;
			sourceTree = "<group>";
		};
/* End PBXVariantGroup section */

/* Begin XCBuildConfiguration section */
		01E7BC33255CD4050068B010 /* Debug */ = {
			isa = XCBuildConfiguration;
			buildSettings = {
				ALWAYS_SEARCH_USER_PATHS = NO;
				CLANG_ANALYZER_NONNULL = YES;
				CLANG_ANALYZER_NUMBER_OBJECT_CONVERSION = YES_AGGRESSIVE;
				CLANG_CXX_LANGUAGE_STANDARD = "gnu++14";
				CLANG_CXX_LIBRARY = "libc++";
				CLANG_ENABLE_MODULES = YES;
				CLANG_ENABLE_OBJC_ARC = YES;
				CLANG_ENABLE_OBJC_WEAK = YES;
				CLANG_WARN_BLOCK_CAPTURE_AUTORELEASING = YES;
				CLANG_WARN_BOOL_CONVERSION = YES;
				CLANG_WARN_COMMA = YES;
				CLANG_WARN_CONSTANT_CONVERSION = YES;
				CLANG_WARN_DEPRECATED_OBJC_IMPLEMENTATIONS = YES;
				CLANG_WARN_DIRECT_OBJC_ISA_USAGE = YES_ERROR;
				CLANG_WARN_DOCUMENTATION_COMMENTS = YES;
				CLANG_WARN_EMPTY_BODY = YES;
				CLANG_WARN_ENUM_CONVERSION = YES;
				CLANG_WARN_INFINITE_RECURSION = YES;
				CLANG_WARN_INT_CONVERSION = YES;
				CLANG_WARN_NON_LITERAL_NULL_CONVERSION = YES;
				CLANG_WARN_OBJC_IMPLICIT_RETAIN_SELF = YES;
				CLANG_WARN_OBJC_LITERAL_CONVERSION = YES;
				CLANG_WARN_OBJC_ROOT_CLASS = YES_ERROR;
				CLANG_WARN_QUOTED_INCLUDE_IN_FRAMEWORK_HEADER = YES;
				CLANG_WARN_RANGE_LOOP_ANALYSIS = YES;
				CLANG_WARN_STRICT_PROTOTYPES = YES;
				CLANG_WARN_SUSPICIOUS_MOVE = YES;
				CLANG_WARN_UNGUARDED_AVAILABILITY = YES_AGGRESSIVE;
				CLANG_WARN_UNREACHABLE_CODE = YES;
				CLANG_WARN__DUPLICATE_METHOD_MATCH = YES;
				COPY_PHASE_STRIP = NO;
				DEBUG_INFORMATION_FORMAT = dwarf;
				ENABLE_STRICT_OBJC_MSGSEND = YES;
				ENABLE_TESTABILITY = YES;
				GCC_C_LANGUAGE_STANDARD = gnu11;
				GCC_DYNAMIC_NO_PIC = NO;
				GCC_NO_COMMON_BLOCKS = YES;
				GCC_OPTIMIZATION_LEVEL = 0;
				GCC_PREPROCESSOR_DEFINITIONS = (
					"DEBUG=1",
					"$(inherited)",
				);
				GCC_WARN_64_TO_32_BIT_CONVERSION = YES;
				GCC_WARN_ABOUT_RETURN_TYPE = YES_ERROR;
				GCC_WARN_UNDECLARED_SELECTOR = YES;
				GCC_WARN_UNINITIALIZED_AUTOS = YES_AGGRESSIVE;
				GCC_WARN_UNUSED_FUNCTION = YES;
				GCC_WARN_UNUSED_VARIABLE = YES;
				IPHONEOS_DEPLOYMENT_TARGET = 14.2;
				MTL_ENABLE_DEBUG_INFO = INCLUDE_SOURCE;
				MTL_FAST_MATH = YES;
				ONLY_ACTIVE_ARCH = YES;
				SDKROOT = iphoneos;
				SWIFT_ACTIVE_COMPILATION_CONDITIONS = DEBUG;
				SWIFT_OPTIMIZATION_LEVEL = "-Onone";
			};
			name = Debug;
		};
		01E7BC34255CD4050068B010 /* Release */ = {
			isa = XCBuildConfiguration;
			buildSettings = {
				ALWAYS_SEARCH_USER_PATHS = NO;
				CLANG_ANALYZER_NONNULL = YES;
				CLANG_ANALYZER_NUMBER_OBJECT_CONVERSION = YES_AGGRESSIVE;
				CLANG_CXX_LANGUAGE_STANDARD = "gnu++14";
				CLANG_CXX_LIBRARY = "libc++";
				CLANG_ENABLE_MODULES = YES;
				CLANG_ENABLE_OBJC_ARC = YES;
				CLANG_ENABLE_OBJC_WEAK = YES;
				CLANG_WARN_BLOCK_CAPTURE_AUTORELEASING = YES;
				CLANG_WARN_BOOL_CONVERSION = YES;
				CLANG_WARN_COMMA = YES;
				CLANG_WARN_CONSTANT_CONVERSION = YES;
				CLANG_WARN_DEPRECATED_OBJC_IMPLEMENTATIONS = YES;
				CLANG_WARN_DIRECT_OBJC_ISA_USAGE = YES_ERROR;
				CLANG_WARN_DOCUMENTATION_COMMENTS = YES;
				CLANG_WARN_EMPTY_BODY = YES;
				CLANG_WARN_ENUM_CONVERSION = YES;
				CLANG_WARN_INFINITE_RECURSION = YES;
				CLANG_WARN_INT_CONVERSION = YES;
				CLANG_WARN_NON_LITERAL_NULL_CONVERSION = YES;
				CLANG_WARN_OBJC_IMPLICIT_RETAIN_SELF = YES;
				CLANG_WARN_OBJC_LITERAL_CONVERSION = YES;
				CLANG_WARN_OBJC_ROOT_CLASS = YES_ERROR;
				CLANG_WARN_QUOTED_INCLUDE_IN_FRAMEWORK_HEADER = YES;
				CLANG_WARN_RANGE_LOOP_ANALYSIS = YES;
				CLANG_WARN_STRICT_PROTOTYPES = YES;
				CLANG_WARN_SUSPICIOUS_MOVE = YES;
				CLANG_WARN_UNGUARDED_AVAILABILITY = YES_AGGRESSIVE;
				CLANG_WARN_UNREACHABLE_CODE = YES;
				CLANG_WARN__DUPLICATE_METHOD_MATCH = YES;
				COPY_PHASE_STRIP = NO;
				DEBUG_INFORMATION_FORMAT = "dwarf-with-dsym";
				ENABLE_NS_ASSERTIONS = NO;
				ENABLE_STRICT_OBJC_MSGSEND = YES;
				GCC_C_LANGUAGE_STANDARD = gnu11;
				GCC_NO_COMMON_BLOCKS = YES;
				GCC_WARN_64_TO_32_BIT_CONVERSION = YES;
				GCC_WARN_ABOUT_RETURN_TYPE = YES_ERROR;
				GCC_WARN_UNDECLARED_SELECTOR = YES;
				GCC_WARN_UNINITIALIZED_AUTOS = YES_AGGRESSIVE;
				GCC_WARN_UNUSED_FUNCTION = YES;
				GCC_WARN_UNUSED_VARIABLE = YES;
				IPHONEOS_DEPLOYMENT_TARGET = 14.2;
				MTL_ENABLE_DEBUG_INFO = NO;
				MTL_FAST_MATH = YES;
				SDKROOT = iphoneos;
				SWIFT_COMPILATION_MODE = wholemodule;
				SWIFT_OPTIMIZATION_LEVEL = "-O";
				VALIDATE_PRODUCT = YES;
			};
			name = Release;
		};
		01E7BC36255CD4050068B010 /* Debug */ = {
			isa = XCBuildConfiguration;
			buildSettings = {
				ASSETCATALOG_COMPILER_APPICON_NAME = AppIcon;
				ASSETCATALOG_COMPILER_GLOBAL_ACCENT_COLOR_NAME = AccentColor;
				CODE_SIGN_STYLE = Automatic;
				DEVELOPMENT_TEAM = Y3QHVAQCYR;
				INFOPLIST_FILE = Cell/Info.plist;
				LD_RUNPATH_SEARCH_PATHS = (
					"$(inherited)",
					"@executable_path/Frameworks",
				);
				PRODUCT_BUNDLE_IDENTIFIER = sfm.com.Cell;
				PRODUCT_NAME = "$(TARGET_NAME)";
				SWIFT_VERSION = 5.0;
				TARGETED_DEVICE_FAMILY = "1,2";
			};
			name = Debug;
		};
		01E7BC37255CD4050068B010 /* Release */ = {
			isa = XCBuildConfiguration;
			buildSettings = {
				ASSETCATALOG_COMPILER_APPICON_NAME = AppIcon;
				ASSETCATALOG_COMPILER_GLOBAL_ACCENT_COLOR_NAME = AccentColor;
				CODE_SIGN_STYLE = Automatic;
				DEVELOPMENT_TEAM = Y3QHVAQCYR;
				INFOPLIST_FILE = Cell/Info.plist;
				LD_RUNPATH_SEARCH_PATHS = (
					"$(inherited)",
					"@executable_path/Frameworks",
				);
				PRODUCT_BUNDLE_IDENTIFIER = sfm.com.Cell;
				PRODUCT_NAME = "$(TARGET_NAME)";
				SWIFT_VERSION = 5.0;
				TARGETED_DEVICE_FAMILY = "1,2";
			};
			name = Release;
		};
		01E7BC39255CD4050068B010 /* Debug */ = {
			isa = XCBuildConfiguration;
			buildSettings = {
				ALWAYS_EMBED_SWIFT_STANDARD_LIBRARIES = YES;
				BUNDLE_LOADER = "$(TEST_HOST)";
				CODE_SIGN_STYLE = Automatic;
				DEVELOPMENT_TEAM = Y3QHVAQCYR;
				INFOPLIST_FILE = CellTests/Info.plist;
				IPHONEOS_DEPLOYMENT_TARGET = 14.2;
				LD_RUNPATH_SEARCH_PATHS = (
					"$(inherited)",
					"@executable_path/Frameworks",
					"@loader_path/Frameworks",
				);
				PRODUCT_BUNDLE_IDENTIFIER = sfm.com.CellTests;
				PRODUCT_NAME = "$(TARGET_NAME)";
				SWIFT_VERSION = 5.0;
				TARGETED_DEVICE_FAMILY = "1,2";
				TEST_HOST = "$(BUILT_PRODUCTS_DIR)/Cell.app/Cell";
			};
			name = Debug;
		};
		01E7BC3A255CD4050068B010 /* Release */ = {
			isa = XCBuildConfiguration;
			buildSettings = {
				ALWAYS_EMBED_SWIFT_STANDARD_LIBRARIES = YES;
				BUNDLE_LOADER = "$(TEST_HOST)";
				CODE_SIGN_STYLE = Automatic;
				DEVELOPMENT_TEAM = Y3QHVAQCYR;
				INFOPLIST_FILE = CellTests/Info.plist;
				IPHONEOS_DEPLOYMENT_TARGET = 14.2;
				LD_RUNPATH_SEARCH_PATHS = (
					"$(inherited)",
					"@executable_path/Frameworks",
					"@loader_path/Frameworks",
				);
				PRODUCT_BUNDLE_IDENTIFIER = sfm.com.CellTests;
				PRODUCT_NAME = "$(TARGET_NAME)";
				SWIFT_VERSION = 5.0;
				TARGETED_DEVICE_FAMILY = "1,2";
				TEST_HOST = "$(BUILT_PRODUCTS_DIR)/Cell.app/Cell";
			};
			name = Release;
		};
		01E7BC3C255CD4050068B010 /* Debug */ = {
			isa = XCBuildConfiguration;
			buildSettings = {
				ALWAYS_EMBED_SWIFT_STANDARD_LIBRARIES = YES;
				CODE_SIGN_STYLE = Automatic;
				DEVELOPMENT_TEAM = Y3QHVAQCYR;
				INFOPLIST_FILE = CellUITests/Info.plist;
				LD_RUNPATH_SEARCH_PATHS = (
					"$(inherited)",
					"@executable_path/Frameworks",
					"@loader_path/Frameworks",
				);
				PRODUCT_BUNDLE_IDENTIFIER = sfm.com.CellUITests;
				PRODUCT_NAME = "$(TARGET_NAME)";
				SWIFT_VERSION = 5.0;
				TARGETED_DEVICE_FAMILY = "1,2";
				TEST_TARGET_NAME = Cell;
			};
			name = Debug;
		};
		01E7BC3D255CD4050068B010 /* Release */ = {
			isa = XCBuildConfiguration;
			buildSettings = {
				ALWAYS_EMBED_SWIFT_STANDARD_LIBRARIES = YES;
				CODE_SIGN_STYLE = Automatic;
				DEVELOPMENT_TEAM = Y3QHVAQCYR;
				INFOPLIST_FILE = CellUITests/Info.plist;
				LD_RUNPATH_SEARCH_PATHS = (
					"$(inherited)",
					"@executable_path/Frameworks",
					"@loader_path/Frameworks",
				);
				PRODUCT_BUNDLE_IDENTIFIER = sfm.com.CellUITests;
				PRODUCT_NAME = "$(TARGET_NAME)";
				SWIFT_VERSION = 5.0;
				TARGETED_DEVICE_FAMILY = "1,2";
				TEST_TARGET_NAME = Cell;
			};
			name = Release;
		};
/* End XCBuildConfiguration section */

/* Begin XCConfigurationList section */
		01E7BC06255CD4020068B010 /* Build configuration list for PBXProject "Cell" */ = {
			isa = XCConfigurationList;
			buildConfigurations = (
				01E7BC33255CD4050068B010 /* Debug */,
				01E7BC34255CD4050068B010 /* Release */,
			);
			defaultConfigurationIsVisible = 0;
			defaultConfigurationName = Release;
		};
		01E7BC35255CD4050068B010 /* Build configuration list for PBXNativeTarget "Cell" */ = {
			isa = XCConfigurationList;
			buildConfigurations = (
				01E7BC36255CD4050068B010 /* Debug */,
				01E7BC37255CD4050068B010 /* Release */,
			);
			defaultConfigurationIsVisible = 0;
			defaultConfigurationName = Release;
		};
		01E7BC38255CD4050068B010 /* Build configuration list for PBXNativeTarget "CellTests" */ = {
			isa = XCConfigurationList;
			buildConfigurations = (
				01E7BC39255CD4050068B010 /* Debug */,
				01E7BC3A255CD4050068B010 /* Release */,
			);
			defaultConfigurationIsVisible = 0;
			defaultConfigurationName = Release;
		};
		01E7BC3B255CD4050068B010 /* Build configuration list for PBXNativeTarget "CellUITests" */ = {
			isa = XCConfigurationList;
			buildConfigurations = (
				01E7BC3C255CD4050068B010 /* Debug */,
				01E7BC3D255CD4050068B010 /* Release */,
			);
			defaultConfigurationIsVisible = 0;
			defaultConfigurationName = Release;
		};
/* End XCConfigurationList section */
	};
	rootObject = 01E7BC03255CD4020068B010 /* Project object */;
}
